version: 2
sources:
- url: github.com/pedromvgomes/agentic-toolkit.git
  ref: main
  sha: 44d70f574783e5c2aa9908f038c2d607f4eca7e4
- url: github.com/anthropics/skills.git
  ref: main
  sha: 5128e1865d670f5d6c9cef000e6dfc4e951fb5b9
- url: github.com/pedromvgomes/gt.git
  ref: main
  sha: a932b54e7a390b41f067081e37207821242c319d
