version: 2
sources:
- url: github.com/wardnet/agentic-stacks.git
  ref: main
  sha: 3a19c994319dd8a0d16db16629d19df46cd7e920
- url: github.com/pedromvgomes/agentic-toolkit.git
  ref: main
  sha: 90f31c44829abbc52403ec681847679aa7c36910
- url: github.com/anthropics/skills.git
  ref: main
  sha: f17010c9bb483898c1d9c9f42dde2b3a98889434
