# This file is generated by running "yarn install" inside your project.
# Manual changes might be lost - proceed with caution!

__metadata:
  version: 8
  cacheKey: 10c0

"@resvg/resvg-js-android-arm-eabi@npm:2.6.2":
  version: 2.6.2
  resolution: "@resvg/resvg-js-android-arm-eabi@npm:2.6.2"
  conditions: os=android & cpu=arm
  languageName: node
  linkType: hard

"@resvg/resvg-js-android-arm64@npm:2.6.2":
  version: 2.6.2
  resolution: "@resvg/resvg-js-android-arm64@npm:2.6.2"
  conditions: os=android & cpu=arm64
  languageName: node
  linkType: hard

"@resvg/resvg-js-darwin-arm64@npm:2.6.2":
  version: 2.6.2
  resolution: "@resvg/resvg-js-darwin-arm64@npm:2.6.2"
  conditions: os=darwin & cpu=arm64
  languageName: node
  linkType: hard

"@resvg/resvg-js-darwin-x64@npm:2.6.2":
  version: 2.6.2
  resolution: "@resvg/resvg-js-darwin-x64@npm:2.6.2"
  conditions: os=darwin & cpu=x64
  languageName: node
  linkType: hard

"@resvg/resvg-js-linux-arm-gnueabihf@npm:2.6.2":
  version: 2.6.2
  resolution: "@resvg/resvg-js-linux-arm-gnueabihf@npm:2.6.2"
  conditions: os=linux & cpu=arm
  languageName: node
  linkType: hard

"@resvg/resvg-js-linux-arm64-gnu@npm:2.6.2":
  version: 2.6.2
  resolution: "@resvg/resvg-js-linux-arm64-gnu@npm:2.6.2"
  conditions: os=linux & cpu=arm64 & libc=glibc
  languageName: node
  linkType: hard

"@resvg/resvg-js-linux-arm64-musl@npm:2.6.2":
  version: 2.6.2
  resolution: "@resvg/resvg-js-linux-arm64-musl@npm:2.6.2"
  conditions: os=linux & cpu=arm64 & libc=musl
  languageName: node
  linkType: hard

"@resvg/resvg-js-linux-x64-gnu@npm:2.6.2":
  version: 2.6.2
  resolution: "@resvg/resvg-js-linux-x64-gnu@npm:2.6.2"
  conditions: os=linux & cpu=x64 & libc=glibc
  languageName: node
  linkType: hard

"@resvg/resvg-js-linux-x64-musl@npm:2.6.2":
  version: 2.6.2
  resolution: "@resvg/resvg-js-linux-x64-musl@npm:2.6.2"
  conditions: os=linux & cpu=x64 & libc=musl
  languageName: node
  linkType: hard

"@resvg/resvg-js-win32-arm64-msvc@npm:2.6.2":
  version: 2.6.2
  resolution: "@resvg/resvg-js-win32-arm64-msvc@npm:2.6.2"
  conditions: os=win32 & cpu=arm64
  languageName: node
  linkType: hard

"@resvg/resvg-js-win32-ia32-msvc@npm:2.6.2":
  version: 2.6.2
  resolution: "@resvg/resvg-js-win32-ia32-msvc@npm:2.6.2"
  conditions: os=win32 & cpu=ia32
  languageName: node
  linkType: hard

"@resvg/resvg-js-win32-x64-msvc@npm:2.6.2":
  version: 2.6.2
  resolution: "@resvg/resvg-js-win32-x64-msvc@npm:2.6.2"
  conditions: os=win32 & cpu=x64
  languageName: node
  linkType: hard

"@resvg/resvg-js@npm:^2.6.2":
  version: 2.6.2
  resolution: "@resvg/resvg-js@npm:2.6.2"
  dependencies:
    "@resvg/resvg-js-android-arm-eabi": "npm:2.6.2"
    "@resvg/resvg-js-android-arm64": "npm:2.6.2"
    "@resvg/resvg-js-darwin-arm64": "npm:2.6.2"
    "@resvg/resvg-js-darwin-x64": "npm:2.6.2"
    "@resvg/resvg-js-linux-arm-gnueabihf": "npm:2.6.2"
    "@resvg/resvg-js-linux-arm64-gnu": "npm:2.6.2"
    "@resvg/resvg-js-linux-arm64-musl": "npm:2.6.2"
    "@resvg/resvg-js-linux-x64-gnu": "npm:2.6.2"
    "@resvg/resvg-js-linux-x64-musl": "npm:2.6.2"
    "@resvg/resvg-js-win32-arm64-msvc": "npm:2.6.2"
    "@resvg/resvg-js-win32-ia32-msvc": "npm:2.6.2"
    "@resvg/resvg-js-win32-x64-msvc": "npm:2.6.2"
  dependenciesMeta:
    "@resvg/resvg-js-android-arm-eabi":
      optional: true
    "@resvg/resvg-js-android-arm64":
      optional: true
    "@resvg/resvg-js-darwin-arm64":
      optional: true
    "@resvg/resvg-js-darwin-x64":
      optional: true
    "@resvg/resvg-js-linux-arm-gnueabihf":
      optional: true
    "@resvg/resvg-js-linux-arm64-gnu":
      optional: true
    "@resvg/resvg-js-linux-arm64-musl":
      optional: true
    "@resvg/resvg-js-linux-x64-gnu":
      optional: true
    "@resvg/resvg-js-linux-x64-musl":
      optional: true
    "@resvg/resvg-js-win32-arm64-msvc":
      optional: true
    "@resvg/resvg-js-win32-ia32-msvc":
      optional: true
    "@resvg/resvg-js-win32-x64-msvc":
      optional: true
  checksum: 10c0/f04192e98d7ead730f9474f07e81aa9d9b28dc18218028f2a15c808e1ab0de511f07d8a77e01d058534e78f0ef7e9f33201f15f052e28bbaabaf159c68698a5e
  languageName: node
  linkType: hard

"@xmldom/xmldom@npm:^0.9.7":
  version: 0.9.10
  resolution: "@xmldom/xmldom@npm:0.9.10"
  checksum: 10c0/38a9c9b95450d7fccebc61371c8e0b90ceaae992886484108333d29ccbd2640e3555b6af012f15ce1beb5067aeb40486659b6183fad38af179e82d28028bfc5d
  languageName: node
  linkType: hard

"opentype.js@npm:^1.3.4":
  version: 1.3.4
  resolution: "opentype.js@npm:1.3.4"
  dependencies:
    string.prototype.codepointat: "npm:^0.2.1"
    tiny-inflate: "npm:^1.0.3"
  bin:
    ot: bin/ot
  checksum: 10c0/7de1c175c439a648f32f5113c619cdcd7ae09096cb791b5b1b8b24afdaf76ccdf8938297dab61ded48e032e8ebb54bcf444eedef562498f7e241dbebcf3da2f6
  languageName: node
  linkType: hard

"string.prototype.codepointat@npm:^0.2.1":
  version: 0.2.1
  resolution: "string.prototype.codepointat@npm:0.2.1"
  checksum: 10c0/83c4d2f83b6f3f8f377e0b36628b74a9efcaf5a725e6fb6354f15f30f0399c8f4b08956df883877b2b0f50dd2e644ed7e8b1f6d45bdee2dc5b3f4248796607fa
  languageName: node
  linkType: hard

"tiny-inflate@npm:^1.0.3":
  version: 1.0.3
  resolution: "tiny-inflate@npm:1.0.3"
  checksum: 10c0/fab687537254f6ec44c9a2e880048fe70da3542aba28f73cda3e74c95cabf342a339372f2a6c032e322324f01accc03ca26c04ba2bad9b3eb8cf3ee99bba7f9b
  languageName: node
  linkType: hard

"wardnet-brand-tools@workspace:.":
  version: 0.0.0-use.local
  resolution: "wardnet-brand-tools@workspace:."
  dependencies:
    "@resvg/resvg-js": "npm:^2.6.2"
    "@xmldom/xmldom": "npm:^0.9.7"
    opentype.js: "npm:^1.3.4"
  languageName: unknown
  linkType: soft
